// !$*UTF8*$!
{
	archiveVersion = 1;
	classes = {
	};
	objectVersion = 46;
	objects = {

/* Begin PBXBuildFile section */
		A90E498114FEF387005329D9 /* MathDefs.mm in Sources */ = {isa = PBXBuildFile; fileRef = A90E498014FEF387005329D9 /* MathDefs.mm */; };
		A90E498314FEF46F005329D9 /* Drawable.m in Sources */ = {isa = PBXBuildFile; fileRef = A90E498214FEF46F005329D9 /* Drawable.m */; };
		A90E498F14FF0128005329D9 /* SenTestingKit.framework in Frameworks */ = {isa = PBXBuildFile; fileRef = A90E498E14FF0128005329D9 /* SenTestingKit.framework */; };
		A90E499014FF0128005329D9 /* UIKit.framework in Frameworks */ = {isa = PBXBuildFile; fileRef = A99CBD5914E30B4A00C40DAC /* UIKit.framework */; };
		A90E499114FF0128005329D9 /* Foundation.framework in Frameworks */ = {isa = PBXBuildFile; fileRef = A99CBD5B14E30B4A00C40DAC /* Foundation.framework */; };
		A90E499714FF0128005329D9 /* InfoPlist.strings in Resources */ = {isa = PBXBuildFile; fileRef = A90E499514FF0128005329D9 /* InfoPlist.strings */; };
		A90E499A14FF0128005329D9 /* Annotate23dUnitTests.mm in Sources */ = {isa = PBXBuildFile; fileRef = A90E499914FF0128005329D9 /* Annotate23dUnitTests.mm */; };
		A9153FF314F57976001BAFDC /* DrawPreviewUIView.m in Sources */ = {isa = PBXBuildFile; fileRef = A9153FF214F57976001BAFDC /* DrawPreviewUIView.m */; };
		A9153FF714F5AAFF001BAFDC /* Cylinderoid.mm in Sources */ = {isa = PBXBuildFile; fileRef = A9153FF614F5AAFF001BAFDC /* Cylinderoid.mm */; };
		A9153FFA14F5BE23001BAFDC /* WorkspaceUIView.m in Sources */ = {isa = PBXBuildFile; fileRef = A9153FF914F5BE23001BAFDC /* WorkspaceUIView.m */; };
		A915445F14F5E859001BAFDC /* Accelerate.framework in Frameworks */ = {isa = PBXBuildFile; fileRef = A915445E14F5E859001BAFDC /* Accelerate.framework */; };
		A916CD0314E3BA3500F1D782 /* GLKit.framework in Frameworks */ = {isa = PBXBuildFile; fileRef = A916CD0214E3BA3500F1D782 /* GLKit.framework */; };
		A916CD0714E3BBE700F1D782 /* GlkRenderer.m in Sources */ = {isa = PBXBuildFile; fileRef = A916CD0614E3BBE700F1D782 /* GlkRenderer.m */; };
		A916CD0B14E3BF5600F1D782 /* GlkRendererViewController.m in Sources */ = {isa = PBXBuildFile; fileRef = A916CD0914E3BF5500F1D782 /* GlkRendererViewController.m */; };
		A916CD0C14E3BF5600F1D782 /* GlkRendererViewController.xib in Resources */ = {isa = PBXBuildFile; fileRef = A916CD0A14E3BF5500F1D782 /* GlkRendererViewController.xib */; };
		A91D695E14FEE24B006788CC /* Ellipsoid.mm in Sources */ = {isa = PBXBuildFile; fileRef = A91D695D14FEE24B006788CC /* Ellipsoid.mm */; };
		A9955ADF14E3209100B87DB9 /* bunny.png in Resources */ = {isa = PBXBuildFile; fileRef = A9955ADE14E3209100B87DB9 /* bunny.png */; };
		A9955AE414E36CEF00B87DB9 /* PopoverFileMenu.m in Sources */ = {isa = PBXBuildFile; fileRef = A9955AE214E36CEF00B87DB9 /* PopoverFileMenu.m */; };
		A9955AE514E36CEF00B87DB9 /* PopoverFileMenu.xib in Resources */ = {isa = PBXBuildFile; fileRef = A9955AE314E36CEF00B87DB9 /* PopoverFileMenu.xib */; };
		A99CBD5A14E30B4A00C40DAC /* UIKit.framework in Frameworks */ = {isa = PBXBuildFile; fileRef = A99CBD5914E30B4A00C40DAC /* UIKit.framework */; };
		A99CBD5C14E30B4A00C40DAC /* Foundation.framework in Frameworks */ = {isa = PBXBuildFile; fileRef = A99CBD5B14E30B4A00C40DAC /* Foundation.framework */; };
		A99CBD5E14E30B4A00C40DAC /* CoreGraphics.framework in Frameworks */ = {isa = PBXBuildFile; fileRef = A99CBD5D14E30B4A00C40DAC /* CoreGraphics.framework */; };
		A99CBD6414E30B4B00C40DAC /* InfoPlist.strings in Resources */ = {isa = PBXBuildFile; fileRef = A99CBD6214E30B4B00C40DAC /* InfoPlist.strings */; };
		A99CBD6614E30B4B00C40DAC /* main.m in Sources */ = {isa = PBXBuildFile; fileRef = A99CBD6514E30B4B00C40DAC /* main.m */; };
		A99CBD6A14E30B4B00C40DAC /* AppDelegate.m in Sources */ = {isa = PBXBuildFile; fileRef = A99CBD6914E30B4B00C40DAC /* AppDelegate.m */; };
		A99CBD6D14E30B4B00C40DAC /* ViewController.m in Sources */ = {isa = PBXBuildFile; fileRef = A99CBD6C14E30B4B00C40DAC /* ViewController.m */; };
		A99CBD7014E30B4B00C40DAC /* ViewController.xib in Resources */ = {isa = PBXBuildFile; fileRef = A99CBD6E14E30B4B00C40DAC /* ViewController.xib */; };
		A9AAEBAD14E31E1E00F174E7 /* background.png in Resources */ = {isa = PBXBuildFile; fileRef = A9AAEBAC14E31E1E00F174E7 /* background.png */; };
		A9AF5A1D14F69D430023BDC3 /* Eigen in Resources */ = {isa = PBXBuildFile; fileRef = A9AF5A1C14F69D430023BDC3 /* Eigen */; };
		A9EBB46C14E3A35200F04FB8 /* QuartzCore.framework in Frameworks */ = {isa = PBXBuildFile; fileRef = A9EBB46A14E3A34300F04FB8 /* QuartzCore.framework */; };
		A9EBB46D14E3A35500F04FB8 /* OpenGLES.framework in Frameworks */ = {isa = PBXBuildFile; fileRef = A9EBB46814E3A33700F04FB8 /* OpenGLES.framework */; };
/* End PBXBuildFile section */

/* Begin PBXFileReference section */
		A90E498014FEF387005329D9 /* MathDefs.mm */ = {isa = PBXFileReference; fileEncoding = 4; lastKnownFileType = sourcecode.cpp.objcpp; path = MathDefs.mm; sourceTree = "<group>"; };
		A90E498214FEF46F005329D9 /* Drawable.m */ = {isa = PBXFileReference; fileEncoding = 4; lastKnownFileType = sourcecode.c.objc; path = Drawable.m; sourceTree = "<group>"; };
		A90E498D14FF0128005329D9 /* Annotate23dUnitTests.octest */ = {isa = PBXFileReference; explicitFileType = wrapper.cfbundle; includeInIndex = 0; path = Annotate23dUnitTests.octest; sourceTree = BUILT_PRODUCTS_DIR; };
		A90E498E14FF0128005329D9 /* SenTestingKit.framework */ = {isa = PBXFileReference; lastKnownFileType = wrapper.framework; name = SenTestingKit.framework; path = Library/Frameworks/SenTestingKit.framework; sourceTree = DEVELOPER_DIR; };
		A90E499414FF0128005329D9 /* Annotate23dUnitTests-Info.plist */ = {isa = PBXFileReference; lastKnownFileType = text.plist.xml; path = "Annotate23dUnitTests-Info.plist"; sourceTree = "<group>"; };
		A90E499614FF0128005329D9 /* en */ = {isa = PBXFileReference; lastKnownFileType = text.plist.strings; name = en; path = en.lproj/InfoPlist.strings; sourceTree = "<group>"; };
		A90E499814FF0128005329D9 /* Annotate23dUnitTests.h */ = {isa = PBXFileReference; lastKnownFileType = sourcecode.c.h; path = Annotate23dUnitTests.h; sourceTree = "<group>"; };
		A90E499914FF0128005329D9 /* Annotate23dUnitTests.mm */ = {isa = PBXFileReference; lastKnownFileType = sourcecode.cpp.objcpp; path = Annotate23dUnitTests.mm; sourceTree = "<group>"; };
		A90E499B14FF0128005329D9 /* Annotate23dUnitTests-Prefix.pch */ = {isa = PBXFileReference; lastKnownFileType = sourcecode.c.h; path = "Annotate23dUnitTests-Prefix.pch"; sourceTree = "<group>"; };
		A9153FF114F57976001BAFDC /* DrawPreviewUIView.h */ = {isa = PBXFileReference; fileEncoding = 4; lastKnownFileType = sourcecode.c.h; path = DrawPreviewUIView.h; sourceTree = "<group>"; };
		A9153FF214F57976001BAFDC /* DrawPreviewUIView.m */ = {isa = PBXFileReference; fileEncoding = 4; lastKnownFileType = sourcecode.c.objc; path = DrawPreviewUIView.m; sourceTree = "<group>"; };
		A9153FF514F5AAFF001BAFDC /* Cylinderoid.h */ = {isa = PBXFileReference; fileEncoding = 4; lastKnownFileType = sourcecode.c.h; path = Cylinderoid.h; sourceTree = "<group>"; };
		A9153FF614F5AAFF001BAFDC /* Cylinderoid.mm */ = {isa = PBXFileReference; fileEncoding = 4; lastKnownFileType = sourcecode.cpp.objcpp; path = Cylinderoid.mm; sourceTree = "<group>"; };
		A9153FF814F5BE23001BAFDC /* WorkspaceUIView.h */ = {isa = PBXFileReference; fileEncoding = 4; lastKnownFileType = sourcecode.c.h; path = WorkspaceUIView.h; sourceTree = "<group>"; };
		A9153FF914F5BE23001BAFDC /* WorkspaceUIView.m */ = {isa = PBXFileReference; fileEncoding = 4; lastKnownFileType = sourcecode.c.objc; path = WorkspaceUIView.m; sourceTree = "<group>"; };
		A915445E14F5E859001BAFDC /* Accelerate.framework */ = {isa = PBXFileReference; lastKnownFileType = wrapper.framework; name = Accelerate.framework; path = System/Library/Frameworks/Accelerate.framework; sourceTree = SDKROOT; };
		A916CD0214E3BA3500F1D782 /* GLKit.framework */ = {isa = PBXFileReference; lastKnownFileType = wrapper.framework; name = GLKit.framework; path = System/Library/Frameworks/GLKit.framework; sourceTree = SDKROOT; };
		A916CD0514E3BBE700F1D782 /* GlkRenderer.h */ = {isa = PBXFileReference; fileEncoding = 4; lastKnownFileType = sourcecode.c.h; path = GlkRenderer.h; sourceTree = "<group>"; };
		A916CD0614E3BBE700F1D782 /* GlkRenderer.m */ = {isa = PBXFileReference; fileEncoding = 4; lastKnownFileType = sourcecode.c.objc; path = GlkRenderer.m; sourceTree = "<group>"; };
		A916CD0814E3BF5500F1D782 /* GlkRendererViewController.h */ = {isa = PBXFileReference; fileEncoding = 4; lastKnownFileType = sourcecode.c.h; path = GlkRendererViewController.h; sourceTree = "<group>"; };
		A916CD0914E3BF5500F1D782 /* GlkRendererViewController.m */ = {isa = PBXFileReference; fileEncoding = 4; lastKnownFileType = sourcecode.c.objc; path = GlkRendererViewController.m; sourceTree = "<group>"; };
		A916CD0A14E3BF5500F1D782 /* GlkRendererViewController.xib */ = {isa = PBXFileReference; fileEncoding = 4; lastKnownFileType = file.xib; path = GlkRendererViewController.xib; sourceTree = "<group>"; };
		A91D695B14FEC955006788CC /* MathDefs.h */ = {isa = PBXFileReference; fileEncoding = 4; lastKnownFileType = sourcecode.c.h; path = MathDefs.h; sourceTree = "<group>"; };
		A91D695C14FEE24B006788CC /* Ellipsoid.h */ = {isa = PBXFileReference; fileEncoding = 4; lastKnownFileType = sourcecode.c.h; path = Ellipsoid.h; sourceTree = "<group>"; };
		A91D695D14FEE24B006788CC /* Ellipsoid.mm */ = {isa = PBXFileReference; fileEncoding = 4; lastKnownFileType = sourcecode.cpp.objcpp; path = Ellipsoid.mm; sourceTree = "<group>"; };
		A91D695F14FEE325006788CC /* Drawable.h */ = {isa = PBXFileReference; fileEncoding = 4; lastKnownFileType = sourcecode.c.h; path = Drawable.h; sourceTree = "<group>"; };
		A9955ADE14E3209100B87DB9 /* bunny.png */ = {isa = PBXFileReference; lastKnownFileType = image.png; name = bunny.png; path = resources/bunny.png; sourceTree = SOURCE_ROOT; };
		A9955AE114E36CEF00B87DB9 /* PopoverFileMenu.h */ = {isa = PBXFileReference; fileEncoding = 4; lastKnownFileType = sourcecode.c.h; path = PopoverFileMenu.h; sourceTree = "<group>"; };
		A9955AE214E36CEF00B87DB9 /* PopoverFileMenu.m */ = {isa = PBXFileReference; fileEncoding = 4; lastKnownFileType = sourcecode.c.objc; path = PopoverFileMenu.m; sourceTree = "<group>"; };
		A9955AE314E36CEF00B87DB9 /* PopoverFileMenu.xib */ = {isa = PBXFileReference; fileEncoding = 4; lastKnownFileType = file.xib; path = PopoverFileMenu.xib; sourceTree = "<group>"; };
		A99CBD5514E30B4A00C40DAC /* Annotate23D.app */ = {isa = PBXFileReference; explicitFileType = wrapper.application; includeInIndex = 0; path = Annotate23D.app; sourceTree = BUILT_PRODUCTS_DIR; };
		A99CBD5914E30B4A00C40DAC /* UIKit.framework */ = {isa = PBXFileReference; lastKnownFileType = wrapper.framework; name = UIKit.framework; path = System/Library/Frameworks/UIKit.framework; sourceTree = SDKROOT; };
		A99CBD5B14E30B4A00C40DAC /* Foundation.framework */ = {isa = PBXFileReference; lastKnownFileType = wrapper.framework; name = Foundation.framework; path = System/Library/Frameworks/Foundation.framework; sourceTree = SDKROOT; };
		A99CBD5D14E30B4A00C40DAC /* CoreGraphics.framework */ = {isa = PBXFileReference; lastKnownFileType = wrapper.framework; name = CoreGraphics.framework; path = System/Library/Frameworks/CoreGraphics.framework; sourceTree = SDKROOT; };
		A99CBD6114E30B4B00C40DAC /* Annotate23D-Info.plist */ = {isa = PBXFileReference; lastKnownFileType = text.plist.xml; path = "Annotate23D-Info.plist"; sourceTree = "<group>"; };
		A99CBD6314E30B4B00C40DAC /* en */ = {isa = PBXFileReference; lastKnownFileType = text.plist.strings; name = en; path = en.lproj/InfoPlist.strings; sourceTree = "<group>"; };
		A99CBD6514E30B4B00C40DAC /* main.m */ = {isa = PBXFileReference; lastKnownFileType = sourcecode.c.objc; path = main.m; sourceTree = "<group>"; };
		A99CBD6714E30B4B00C40DAC /* Annotate23D-Prefix.pch */ = {isa = PBXFileReference; lastKnownFileType = sourcecode.c.h; path = "Annotate23D-Prefix.pch"; sourceTree = "<group>"; };
		A99CBD6814E30B4B00C40DAC /* AppDelegate.h */ = {isa = PBXFileReference; lastKnownFileType = sourcecode.c.h; path = AppDelegate.h; sourceTree = "<group>"; };
		A99CBD6914E30B4B00C40DAC /* AppDelegate.m */ = {isa = PBXFileReference; lastKnownFileType = sourcecode.c.objc; path = AppDelegate.m; sourceTree = "<group>"; };
		A99CBD6B14E30B4B00C40DAC /* ViewController.h */ = {isa = PBXFileReference; lastKnownFileType = sourcecode.c.h; path = ViewController.h; sourceTree = "<group>"; };
		A99CBD6C14E30B4B00C40DAC /* ViewController.m */ = {isa = PBXFileReference; lastKnownFileType = sourcecode.c.objc; path = ViewController.m; sourceTree = "<group>"; };
		A99CBD6F14E30B4B00C40DAC /* en */ = {isa = PBXFileReference; lastKnownFileType = file.xib; name = en; path = en.lproj/ViewController.xib; sourceTree = "<group>"; };
		A9AAEBAC14E31E1E00F174E7 /* background.png */ = {isa = PBXFileReference; lastKnownFileType = image.png; name = background.png; path = resources/background.png; sourceTree = SOURCE_ROOT; };
		A9AF5A1C14F69D430023BDC3 /* Eigen */ = {isa = PBXFileReference; lastKnownFileType = folder; path = Eigen; sourceTree = "<group>"; };
		A9EBB46814E3A33700F04FB8 /* OpenGLES.framework */ = {isa = PBXFileReference; lastKnownFileType = wrapper.framework; name = OpenGLES.framework; path = System/Library/Frameworks/OpenGLES.framework; sourceTree = SDKROOT; };
		A9EBB46A14E3A34300F04FB8 /* QuartzCore.framework */ = {isa = PBXFileReference; lastKnownFileType = wrapper.framework; name = QuartzCore.framework; path = System/Library/Frameworks/QuartzCore.framework; sourceTree = SDKROOT; };
/* End PBXFileReference section */

/* Begin PBXFrameworksBuildPhase section */
		A90E498914FF0128005329D9 /* Frameworks */ = {
			isa = PBXFrameworksBuildPhase;
			buildActionMask = 2147483647;
			files = (
				A90E498F14FF0128005329D9 /* SenTestingKit.framework in Frameworks */,
				A90E499014FF0128005329D9 /* UIKit.framework in Frameworks */,
				A90E499114FF0128005329D9 /* Foundation.framework in Frameworks */,
			);
			runOnlyForDeploymentPostprocessing = 0;
		};
		A99CBD5214E30B4A00C40DAC /* Frameworks */ = {
			isa = PBXFrameworksBuildPhase;
			buildActionMask = 2147483647;
			files = (
				A915445F14F5E859001BAFDC /* Accelerate.framework in Frameworks */,
				A99CBD5A14E30B4A00C40DAC /* UIKit.framework in Frameworks */,
				A99CBD5C14E30B4A00C40DAC /* Foundation.framework in Frameworks */,
				A916CD0314E3BA3500F1D782 /* GLKit.framework in Frameworks */,
				A9EBB46C14E3A35200F04FB8 /* QuartzCore.framework in Frameworks */,
				A9EBB46D14E3A35500F04FB8 /* OpenGLES.framework in Frameworks */,
				A99CBD5E14E30B4A00C40DAC /* CoreGraphics.framework in Frameworks */,
			);
			runOnlyForDeploymentPostprocessing = 0;
		};
/* End PBXFrameworksBuildPhase section */

/* Begin PBXGroup section */
		A90E499214FF0128005329D9 /* Annotate23dUnitTests */ = {
			isa = PBXGroup;
			children = (
				A90E499814FF0128005329D9 /* Annotate23dUnitTests.h */,
				A90E499914FF0128005329D9 /* Annotate23dUnitTests.mm */,
				A90E499314FF0128005329D9 /* Supporting Files */,
			);
			path = Annotate23dUnitTests;
			sourceTree = "<group>";
		};
		A90E499314FF0128005329D9 /* Supporting Files */ = {
			isa = PBXGroup;
			children = (
				A90E499414FF0128005329D9 /* Annotate23dUnitTests-Info.plist */,
				A90E499514FF0128005329D9 /* InfoPlist.strings */,
				A90E499B14FF0128005329D9 /* Annotate23dUnitTests-Prefix.pch */,
			);
			name = "Supporting Files";
			sourceTree = "<group>";
		};
		A99CBD4A14E30B4A00C40DAC = {
			isa = PBXGroup;
			children = (
				A99CBD5F14E30B4A00C40DAC /* Annotate23D */,
				A90E499214FF0128005329D9 /* Annotate23dUnitTests */,
				A99CBD5814E30B4A00C40DAC /* Frameworks */,
				A99CBD5614E30B4A00C40DAC /* Products */,
			);
			sourceTree = "<group>";
		};
		A99CBD5614E30B4A00C40DAC /* Products */ = {
			isa = PBXGroup;
			children = (
				A99CBD5514E30B4A00C40DAC /* Annotate23D.app */,
				A90E498D14FF0128005329D9 /* Annotate23dUnitTests.octest */,
			);
			name = Products;
			sourceTree = "<group>";
		};
		A99CBD5814E30B4A00C40DAC /* Frameworks */ = {
			isa = PBXGroup;
			children = (
				A915445E14F5E859001BAFDC /* Accelerate.framework */,
				A916CD0214E3BA3500F1D782 /* GLKit.framework */,
				A9EBB46A14E3A34300F04FB8 /* QuartzCore.framework */,
				A9EBB46814E3A33700F04FB8 /* OpenGLES.framework */,
				A99CBD5914E30B4A00C40DAC /* UIKit.framework */,
				A99CBD5B14E30B4A00C40DAC /* Foundation.framework */,
				A99CBD5D14E30B4A00C40DAC /* CoreGraphics.framework */,
				A90E498E14FF0128005329D9 /* SenTestingKit.framework */,
			);
			name = Frameworks;
			sourceTree = "<group>";
		};
		A99CBD5F14E30B4A00C40DAC /* Annotate23D */ = {
			isa = PBXGroup;
			children = (
				A99CBD6814E30B4B00C40DAC /* AppDelegate.h */,
				A99CBD6914E30B4B00C40DAC /* AppDelegate.m */,
				A9153FF514F5AAFF001BAFDC /* Cylinderoid.h */,
				A9153FF614F5AAFF001BAFDC /* Cylinderoid.mm */,
				A91D695F14FEE325006788CC /* Drawable.h */,
				A90E498214FEF46F005329D9 /* Drawable.m */,
				A9153FF114F57976001BAFDC /* DrawPreviewUIView.h */,
				A9153FF214F57976001BAFDC /* DrawPreviewUIView.m */,
				A9AF5A1C14F69D430023BDC3 /* Eigen */,
				A91D695C14FEE24B006788CC /* Ellipsoid.h */,
				A91D695D14FEE24B006788CC /* Ellipsoid.mm */,
				A916CD0514E3BBE700F1D782 /* GlkRenderer.h */,
				A916CD0614E3BBE700F1D782 /* GlkRenderer.m */,
				A916CD0814E3BF5500F1D782 /* GlkRendererViewController.h */,
				A916CD0914E3BF5500F1D782 /* GlkRendererViewController.m */,
				A916CD0A14E3BF5500F1D782 /* GlkRendererViewController.xib */,
				A91D695B14FEC955006788CC /* MathDefs.h */,
				A90E498014FEF387005329D9 /* MathDefs.mm */,
				A9955AE114E36CEF00B87DB9 /* PopoverFileMenu.h */,
				A9955AE214E36CEF00B87DB9 /* PopoverFileMenu.m */,
				A9955AE314E36CEF00B87DB9 /* PopoverFileMenu.xib */,
				A99CBD6014E30B4B00C40DAC /* Supporting Files */,
				A99CBD6B14E30B4B00C40DAC /* ViewController.h */,
				A99CBD6C14E30B4B00C40DAC /* ViewController.m */,
				A99CBD6E14E30B4B00C40DAC /* ViewController.xib */,
				A9153FF814F5BE23001BAFDC /* WorkspaceUIView.h */,
				A9153FF914F5BE23001BAFDC /* WorkspaceUIView.m */,
			);
			path = Annotate23D;
			sourceTree = "<group>";
		};
		A99CBD6014E30B4B00C40DAC /* Supporting Files */ = {
			isa = PBXGroup;
			children = (
				A9AAEBA814E31D6C00F174E7 /* images */,
				A99CBD6114E30B4B00C40DAC /* Annotate23D-Info.plist */,
				A99CBD6214E30B4B00C40DAC /* InfoPlist.strings */,
				A99CBD6514E30B4B00C40DAC /* main.m */,
				A99CBD6714E30B4B00C40DAC /* Annotate23D-Prefix.pch */,
			);
			name = "Supporting Files";
			sourceTree = "<group>";
		};
		A9AAEBA814E31D6C00F174E7 /* images */ = {
			isa = PBXGroup;
			children = (
				A9955ADE14E3209100B87DB9 /* bunny.png */,
				A9AAEBAC14E31E1E00F174E7 /* background.png */,
			);
			name = images;
			sourceTree = "<group>";
		};
/* End PBXGroup section */

/* Begin PBXNativeTarget section */
		A90E498C14FF0128005329D9 /* Annotate23dUnitTests */ = {
			isa = PBXNativeTarget;
			buildConfigurationList = A90E499C14FF0128005329D9 /* Build configuration list for PBXNativeTarget "Annotate23dUnitTests" */;
			buildPhases = (
				A90E498814FF0128005329D9 /* Sources */,
				A90E498914FF0128005329D9 /* Frameworks */,
				A90E498A14FF0128005329D9 /* Resources */,
				A90E498B14FF0128005329D9 /* ShellScript */,
			);
			buildRules = (
			);
			dependencies = (
			);
			name = Annotate23dUnitTests;
			productName = Annotate23dUnitTests;
			productReference = A90E498D14FF0128005329D9 /* Annotate23dUnitTests.octest */;
			productType = "com.apple.product-type.bundle";
		};
		A99CBD5414E30B4A00C40DAC /* Annotate23D */ = {
			isa = PBXNativeTarget;
			buildConfigurationList = A99CBD7314E30B4B00C40DAC /* Build configuration list for PBXNativeTarget "Annotate23D" */;
			buildPhases = (
				A99CBD5114E30B4A00C40DAC /* Sources */,
				A99CBD5214E30B4A00C40DAC /* Frameworks */,
				A99CBD5314E30B4A00C40DAC /* Resources */,
			);
			buildRules = (
			);
			dependencies = (
			);
			name = Annotate23D;
			productName = Annotate23D;
			productReference = A99CBD5514E30B4A00C40DAC /* Annotate23D.app */;
			productType = "com.apple.product-type.application";
		};
/* End PBXNativeTarget section */

/* Begin PBXProject section */
		A99CBD4C14E30B4A00C40DAC /* Project object */ = {
			isa = PBXProject;
			attributes = {
				LastUpgradeCheck = 0420;
			};
			buildConfigurationList = A99CBD4F14E30B4A00C40DAC /* Build configuration list for PBXProject "Annotate23D" */;
			compatibilityVersion = "Xcode 3.2";
			developmentRegion = English;
			hasScannedForEncodings = 0;
			knownRegions = (
				en,
			);
			mainGroup = A99CBD4A14E30B4A00C40DAC;
			productRefGroup = A99CBD5614E30B4A00C40DAC /* Products */;
			projectDirPath = "";
			projectRoot = "";
			targets = (
				A99CBD5414E30B4A00C40DAC /* Annotate23D */,
				A90E498C14FF0128005329D9 /* Annotate23dUnitTests */,
			);
		};
/* End PBXProject section */

/* Begin PBXResourcesBuildPhase section */
		A90E498A14FF0128005329D9 /* Resources */ = {
			isa = PBXResourcesBuildPhase;
			buildActionMask = 2147483647;
			files = (
				A90E499714FF0128005329D9 /* InfoPlist.strings in Resources */,
			);
			runOnlyForDeploymentPostprocessing = 0;
		};
		A99CBD5314E30B4A00C40DAC /* Resources */ = {
			isa = PBXResourcesBuildPhase;
			buildActionMask = 2147483647;
			files = (
				A99CBD6414E30B4B00C40DAC /* InfoPlist.strings in Resources */,
				A99CBD7014E30B4B00C40DAC /* ViewController.xib in Resources */,
				A9AAEBAD14E31E1E00F174E7 /* background.png in Resources */,
				A9955ADF14E3209100B87DB9 /* bunny.png in Resources */,
				A9955AE514E36CEF00B87DB9 /* PopoverFileMenu.xib in Resources */,
				A916CD0C14E3BF5600F1D782 /* GlkRendererViewController.xib in Resources */,
				A9AF5A1D14F69D430023BDC3 /* Eigen in Resources */,
			);
			runOnlyForDeploymentPostprocessing = 0;
		};
/* End PBXResourcesBuildPhase section */

/* Begin PBXShellScriptBuildPhase section */
		A90E498B14FF0128005329D9 /* ShellScript */ = {
			isa = PBXShellScriptBuildPhase;
			buildActionMask = 2147483647;
			files = (
			);
			inputPaths = (
			);
			outputPaths = (
			);
			runOnlyForDeploymentPostprocessing = 0;
			shellPath = /bin/sh;
			shellScript = "# Run the unit tests in this test bundle.\n\"${SYSTEM_DEVELOPER_DIR}/Tools/RunUnitTests\"\n";
		};
/* End PBXShellScriptBuildPhase section */

/* Begin PBXSourcesBuildPhase section */
		A90E498814FF0128005329D9 /* Sources */ = {
			isa = PBXSourcesBuildPhase;
			buildActionMask = 2147483647;
			files = (
				A90E499A14FF0128005329D9 /* Annotate23dUnitTests.mm in Sources */,
			);
			runOnlyForDeploymentPostprocessing = 0;
		};
		A99CBD5114E30B4A00C40DAC /* Sources */ = {
			isa = PBXSourcesBuildPhase;
			buildActionMask = 2147483647;
			files = (
				A99CBD6614E30B4B00C40DAC /* main.m in Sources */,
				A99CBD6A14E30B4B00C40DAC /* AppDelegate.m in Sources */,
				A99CBD6D14E30B4B00C40DAC /* ViewController.m in Sources */,
				A9955AE414E36CEF00B87DB9 /* PopoverFileMenu.m in Sources */,
				A916CD0714E3BBE700F1D782 /* GlkRenderer.m in Sources */,
				A916CD0B14E3BF5600F1D782 /* GlkRendererViewController.m in Sources */,
				A9153FF314F57976001BAFDC /* DrawPreviewUIView.m in Sources */,
				A9153FF714F5AAFF001BAFDC /* Cylinderoid.mm in Sources */,
				A9153FFA14F5BE23001BAFDC /* WorkspaceUIView.m in Sources */,
				A91D695E14FEE24B006788CC /* Ellipsoid.mm in Sources */,
				A90E498114FEF387005329D9 /* MathDefs.mm in Sources */,
				A90E498314FEF46F005329D9 /* Drawable.m in Sources */,
			);
			runOnlyForDeploymentPostprocessing = 0;
		};
/* End PBXSourcesBuildPhase section */

/* Begin PBXVariantGroup section */
		A90E499514FF0128005329D9 /* InfoPlist.strings */ = {
			isa = PBXVariantGroup;
			children = (
				A90E499614FF0128005329D9 /* en */,
			);
			name = InfoPlist.strings;
			sourceTree = "<group>";
		};
		A99CBD6214E30B4B00C40DAC /* InfoPlist.strings */ = {
			isa = PBXVariantGroup;
			children = (
				A99CBD6314E30B4B00C40DAC /* en */,
			);
			name = InfoPlist.strings;
			sourceTree = "<group>";
		};
		A99CBD6E14E30B4B00C40DAC /* ViewController.xib */ = {
			isa = PBXVariantGroup;
			children = (
				A99CBD6F14E30B4B00C40DAC /* en */,
			);
			name = ViewController.xib;
			sourceTree = "<group>";
		};
/* End PBXVariantGroup section */

/* Begin XCBuildConfiguration section */
		A90E499D14FF0128005329D9 /* Debug */ = {
			isa = XCBuildConfiguration;
			buildSettings = {
				BUNDLE_LOADER = "$(BUILT_PRODUCTS_DIR)/Annotate23D.app/Annotate23D";
				FRAMEWORK_SEARCH_PATHS = (
					"$(SDKROOT)/Developer/Library/Frameworks",
					"$(DEVELOPER_LIBRARY_DIR)/Frameworks",
				);
				GCC_PRECOMPILE_PREFIX_HEADER = YES;
				GCC_PREFIX_HEADER = "Annotate23dUnitTests/Annotate23dUnitTests-Prefix.pch";
				INFOPLIST_FILE = "Annotate23dUnitTests/Annotate23dUnitTests-Info.plist";
				PRODUCT_NAME = "$(TARGET_NAME)";
				TEST_HOST = "$(BUNDLE_LOADER)";
				WRAPPER_EXTENSION = octest;
			};
			name = Debug;
		};
		A90E499E14FF0128005329D9 /* Release */ = {
			isa = XCBuildConfiguration;
			buildSettings = {
				BUNDLE_LOADER = "$(BUILT_PRODUCTS_DIR)/Annotate23D.app/Annotate23D";
				FRAMEWORK_SEARCH_PATHS = (
					"$(SDKROOT)/Developer/Library/Frameworks",
					"$(DEVELOPER_LIBRARY_DIR)/Frameworks",
				);
				GCC_PRECOMPILE_PREFIX_HEADER = YES;
				GCC_PREFIX_HEADER = "Annotate23dUnitTests/Annotate23dUnitTests-Prefix.pch";
				INFOPLIST_FILE = "Annotate23dUnitTests/Annotate23dUnitTests-Info.plist";
				PRODUCT_NAME = "$(TARGET_NAME)";
				TEST_HOST = "$(BUNDLE_LOADER)";
				WRAPPER_EXTENSION = octest;
			};
			name = Release;
		};
		A99CBD7114E30B4B00C40DAC /* Debug */ = {
			isa = XCBuildConfiguration;
			buildSettings = {
				ALWAYS_SEARCH_USER_PATHS = NO;
				ARCHS = "$(ARCHS_STANDARD_32_BIT)";
				CLANG_ENABLE_OBJC_ARC = YES;
				"CODE_SIGN_IDENTITY[sdk=iphoneos*]" = "iPhone Developer";
				COPY_PHASE_STRIP = NO;
				GCC_C_LANGUAGE_STANDARD = gnu99;
				GCC_DYNAMIC_NO_PIC = NO;
				GCC_OPTIMIZATION_LEVEL = 0;
				GCC_PREPROCESSOR_DEFINITIONS = (
					"DEBUG=1",
					"$(inherited)",
				);
				GCC_SYMBOLS_PRIVATE_EXTERN = NO;
				GCC_VERSION = com.apple.compilers.llvm.clang.1_0;
				GCC_WARN_ABOUT_MISSING_PROTOTYPES = YES;
				GCC_WARN_ABOUT_RETURN_TYPE = YES;
				GCC_WARN_UNUSED_VARIABLE = YES;
				IPHONEOS_DEPLOYMENT_TARGET = 5.0;
				SDKROOT = iphoneos;
				TARGETED_DEVICE_FAMILY = 2;
			};
			name = Debug;
		};
		A99CBD7214E30B4B00C40DAC /* Release */ = {
			isa = XCBuildConfiguration;
			buildSettings = {
				ALWAYS_SEARCH_USER_PATHS = NO;
				ARCHS = "$(ARCHS_STANDARD_32_BIT)";
				CLANG_ENABLE_OBJC_ARC = YES;
				"CODE_SIGN_IDENTITY[sdk=iphoneos*]" = "iPhone Developer";
				COPY_PHASE_STRIP = YES;
				GCC_C_LANGUAGE_STANDARD = gnu99;
				GCC_VERSION = com.apple.compilers.llvm.clang.1_0;
				GCC_WARN_ABOUT_MISSING_PROTOTYPES = YES;
				GCC_WARN_ABOUT_RETURN_TYPE = YES;
				GCC_WARN_UNUSED_VARIABLE = YES;
				IPHONEOS_DEPLOYMENT_TARGET = 5.0;
				OTHER_CFLAGS = "-DNS_BLOCK_ASSERTIONS=1";
				SDKROOT = iphoneos;
				TARGETED_DEVICE_FAMILY = 2;
				VALIDATE_PRODUCT = YES;
			};
			name = Release;
		};
		A99CBD7414E30B4B00C40DAC /* Debug */ = {
			isa = XCBuildConfiguration;
			buildSettings = {
				CLANG_CXX_LANGUAGE_STANDARD = "c++0x";
				CODE_SIGN_IDENTITY = "iPhone Developer: Yotam Gingold (Z7W766X9JY)";
				"CODE_SIGN_IDENTITY[sdk=iphoneos*]" = "iPhone Developer: Yotam Gingold (Z7W766X9JY)";
				GCC_PRECOMPILE_PREFIX_HEADER = YES;
				GCC_PREFIX_HEADER = "Annotate23D/Annotate23D-Prefix.pch";
				HEADER_SEARCH_PATHS = "";
				INFOPLIST_FILE = "Annotate23D/Annotate23D-Info.plist";
				PRODUCT_NAME = "$(TARGET_NAME)";
				PROVISIONING_PROFILE = "4DCB9ADA-2440-443F-85E1-D2FDE567F0BC";
				"PROVISIONING_PROFILE[sdk=iphoneos*]" = "4DCB9ADA-2440-443F-85E1-D2FDE567F0BC";
				WRAPPER_EXTENSION = app;
			};
			name = Debug;
		};
		A99CBD7514E30B4B00C40DAC /* Release */ = {
			isa = XCBuildConfiguration;
			buildSettings = {
				CLANG_CXX_LANGUAGE_STANDARD = "c++0x";
				CODE_SIGN_IDENTITY = "iPhone Developer: Yotam Gingold (Z7W766X9JY)";
				"CODE_SIGN_IDENTITY[sdk=iphoneos*]" = "iPhone Developer: Yotam Gingold (Z7W766X9JY)";
				GCC_OPTIMIZATION_LEVEL = 3;
				GCC_PRECOMPILE_PREFIX_HEADER = YES;
				GCC_PREFIX_HEADER = "Annotate23D/Annotate23D-Prefix.pch";
				HEADER_SEARCH_PATHS = "";
				INFOPLIST_FILE = "Annotate23D/Annotate23D-Info.plist";
				PRODUCT_NAME = "$(TARGET_NAME)";
				PROVISIONING_PROFILE = "4DCB9ADA-2440-443F-85E1-D2FDE567F0BC";
				"PROVISIONING_PROFILE[sdk=iphoneos*]" = "4DCB9ADA-2440-443F-85E1-D2FDE567F0BC";
				WRAPPER_EXTENSION = app;
			};
			name = Release;
		};
/* End XCBuildConfiguration section */

/* Begin XCConfigurationList section */
		A90E499C14FF0128005329D9 /* Build configuration list for PBXNativeTarget "Annotate23dUnitTests" */ = {
			isa = XCConfigurationList;
			buildConfigurations = (
				A90E499D14FF0128005329D9 /* Debug */,
				A90E499E14FF0128005329D9 /* Release */,
			);
			defaultConfigurationIsVisible = 0;
			defaultConfigurationName = Release;
		};
		A99CBD4F14E30B4A00C40DAC /* Build configuration list for PBXProject "Annotate23D" */ = {
			isa = XCConfigurationList;
			buildConfigurations = (
				A99CBD7114E30B4B00C40DAC /* Debug */,
				A99CBD7214E30B4B00C40DAC /* Release */,
			);
			defaultConfigurationIsVisible = 0;
			defaultConfigurationName = Release;
		};
		A99CBD7314E30B4B00C40DAC /* Build configuration list for PBXNativeTarget "Annotate23D" */ = {
			isa = XCConfigurationList;
			buildConfigurations = (
				A99CBD7414E30B4B00C40DAC /* Debug */,
				A99CBD7514E30B4B00C40DAC /* Release */,
			);
			defaultConfigurationIsVisible = 0;
			defaultConfigurationName = Release;
		};
/* End XCConfigurationList section */
	};
	rootObject = A99CBD4C14E30B4A00C40DAC /* Project object */;
}
